// !$*UTF8*$!
{
	archiveVersion = 1;
	classes = {
	};
	objectVersion = 52;
	objects = {

/* Begin PBXBuildFile section */
		558306E1252EF3C0003E680E /* AppDelegate.swift in Sources */ = {isa = PBXBuildFile; fileRef = 558306E0252EF3C0003E680E /* AppDelegate.swift */; };
		558306E3252EF3C0003E680E /* SceneDelegate.swift in Sources */ = {isa = PBXBuildFile; fileRef = 558306E2252EF3C0003E680E /* SceneDelegate.swift */; };
		558306E8252EF3C0003E680E /* Main.storyboard in Resources */ = {isa = PBXBuildFile; fileRef = 558306E6252EF3C0003E680E /* Main.storyboard */; };
		558306EA252EF3C2003E680E /* Assets.xcassets in Resources */ = {isa = PBXBuildFile; fileRef = 558306E9252EF3C2003E680E /* Assets.xcassets */; };
		558306ED252EF3C2003E680E /* LaunchScreen.storyboard in Resources */ = {isa = PBXBuildFile; fileRef = 558306EB252EF3C2003E680E /* LaunchScreen.storyboard */; };
		559E13392534781A0023DDF5 /* StartViewController.swift in Sources */ = {isa = PBXBuildFile; fileRef = 559E13382534781A0023DDF5 /* StartViewController.swift */; };
		559E133E25347A300023DDF5 /* Alamofire in Frameworks */ = {isa = PBXBuildFile; productRef = 559E133D25347A300023DDF5 /* Alamofire */; };
		559E134225347A670023DDF5 /* SwiftSoup in Frameworks */ = {isa = PBXBuildFile; productRef = 559E134125347A670023DDF5 /* SwiftSoup */; };
		559E139D2534868A0023DDF5 /* Sante.db in Resources */ = {isa = PBXBuildFile; fileRef = 559E139C2534868A0023DDF5 /* Sante.db */; };
		559E13A0253486960023DDF5 /* Santefr.db in Resources */ = {isa = PBXBuildFile; fileRef = 559E139F253486960023DDF5 /* Santefr.db */; };
		559E13A3253486CC0023DDF5 /* ParserSoup.swift in Sources */ = {isa = PBXBuildFile; fileRef = 559E13A2253486CC0023DDF5 /* ParserSoup.swift */; };
		559E13A6253486D50023DDF5 /* SanteData.swift in Sources */ = {isa = PBXBuildFile; fileRef = 559E13A5253486D50023DDF5 /* SanteData.swift */; };
		559E13B62534878C0023DDF5 /* UserEntity.swift in Sources */ = {isa = PBXBuildFile; fileRef = 559E13AC2534878B0023DDF5 /* UserEntity.swift */; };
		559E13B72534878C0023DDF5 /* AnswerEntity.swift in Sources */ = {isa = PBXBuildFile; fileRef = 559E13AD2534878B0023DDF5 /* AnswerEntity.swift */; };
		559E13B82534878C0023DDF5 /* SlideInTopicEntity.swift in Sources */ = {isa = PBXBuildFile; fileRef = 559E13AE2534878B0023DDF5 /* SlideInTopicEntity.swift */; };
		559E13B92534878C0023DDF5 /* SlidesEntity.swift in Sources */ = {isa = PBXBuildFile; fileRef = 559E13AF2534878B0023DDF5 /* SlidesEntity.swift */; };
		559E13BA2534878C0023DDF5 /* PresentationEntity.swift in Sources */ = {isa = PBXBuildFile; fileRef = 559E13B02534878B0023DDF5 /* PresentationEntity.swift */; };
		559E13BB2534878C0023DDF5 /* PresentaionsEntity.swift in Sources */ = {isa = PBXBuildFile; fileRef = 559E13B12534878B0023DDF5 /* PresentaionsEntity.swift */; };
		559E13BC2534878C0023DDF5 /* DocSlideEntity.swift in Sources */ = {isa = PBXBuildFile; fileRef = 559E13B22534878B0023DDF5 /* DocSlideEntity.swift */; };
		559E13BD2534878C0023DDF5 /* SlideEntity.swift in Sources */ = {isa = PBXBuildFile; fileRef = 559E13B32534878C0023DDF5 /* SlideEntity.swift */; };
		559E13BE2534878C0023DDF5 /* TopicEntity.swift in Sources */ = {isa = PBXBuildFile; fileRef = 559E13B42534878C0023DDF5 /* TopicEntity.swift */; };
		559E13BF2534878C0023DDF5 /* TopicsEntity.swift in Sources */ = {isa = PBXBuildFile; fileRef = 559E13B52534878C0023DDF5 /* TopicsEntity.swift */; };
		559E13C6253488280023DDF5 /* ReportEntity.swift in Sources */ = {isa = PBXBuildFile; fileRef = 559E13C5253488280023DDF5 /* ReportEntity.swift */; };
		559E13CA253488520023DDF5 /* Project Strings.swift in Sources */ = {isa = PBXBuildFile; fileRef = 559E13C9253488520023DDF5 /* Project Strings.swift */; };
		559E13CD253488880023DDF5 /* KeyChain.swift in Sources */ = {isa = PBXBuildFile; fileRef = 559E13CC253488880023DDF5 /* KeyChain.swift */; };
		55D6B3252534A8100057219A /* TabBarVC.swift in Sources */ = {isa = PBXBuildFile; fileRef = 55D6B3242534A8100057219A /* TabBarVC.swift */; };
		55D6B3282534A8A60057219A /* ForgotPasswordViewController.swift in Sources */ = {isa = PBXBuildFile; fileRef = 55D6B3272534A8A60057219A /* ForgotPasswordViewController.swift */; };
		55D6B3302534AAD50057219A /* MainEntity.swift in Sources */ = {isa = PBXBuildFile; fileRef = 55D6B32F2534AAD50057219A /* MainEntity.swift */; };
		55D6B3332534AC030057219A /* MainViewController.swift in Sources */ = {isa = PBXBuildFile; fileRef = 55D6B3322534AC030057219A /* MainViewController.swift */; };
		55D6B33B2534ACB10057219A /* PresentationStartModel.swift in Sources */ = {isa = PBXBuildFile; fileRef = 55D6B33A2534ACB10057219A /* PresentationStartModel.swift */; };
		55D6B33F253582C00057219A /* FaqViewController.swift in Sources */ = {isa = PBXBuildFile; fileRef = 55D6B33E253582C00057219A /* FaqViewController.swift */; };
		55D6B347253583420057219A /* LibraryViewController.swift in Sources */ = {isa = PBXBuildFile; fileRef = 55D6B346253583420057219A /* LibraryViewController.swift */; };
		55D6B34A2535834A0057219A /* LibVC.swift in Sources */ = {isa = PBXBuildFile; fileRef = 55D6B3492535834A0057219A /* LibVC.swift */; };
		55D6B34E253583580057219A /* SlideTableVCell.swift in Sources */ = {isa = PBXBuildFile; fileRef = 55D6B34C253583580057219A /* SlideTableVCell.swift */; };
		55D6B34F253583580057219A /* LibCollectionVCell.swift in Sources */ = {isa = PBXBuildFile; fileRef = 55D6B34D253583580057219A /* LibCollectionVCell.swift */; };
		55D6B353253583670057219A /* SlideCVCell.swift in Sources */ = {isa = PBXBuildFile; fileRef = 55D6B351253583670057219A /* SlideCVCell.swift */; };
		55D6B354253583670057219A /* SearchVC.swift in Sources */ = {isa = PBXBuildFile; fileRef = 55D6B352253583670057219A /* SearchVC.swift */; };
		55D6B35A253583B90057219A /* VisitTypeViewController.swift in Sources */ = {isa = PBXBuildFile; fileRef = 55D6B357253583B90057219A /* VisitTypeViewController.swift */; };
		55D6B35B253583B90057219A /* ReportAfterSlideViewController.swift in Sources */ = {isa = PBXBuildFile; fileRef = 55D6B358253583B90057219A /* ReportAfterSlideViewController.swift */; };
		55D6B35C253583B90057219A /* ReportViewController.swift in Sources */ = {isa = PBXBuildFile; fileRef = 55D6B359253583B90057219A /* ReportViewController.swift */; };
/* End PBXBuildFile section */

/* Begin PBXFileReference section */
		558306DD252EF3C0003E680E /* Pyramax Médecine for Malaria.app */ = {isa = PBXFileReference; explicitFileType = wrapper.application; includeInIndex = 0; path = "Pyramax Médecine for Malaria.app"; sourceTree = BUILT_PRODUCTS_DIR; };
		558306E0252EF3C0003E680E /* AppDelegate.swift */ = {isa = PBXFileReference; lastKnownFileType = sourcecode.swift; path = AppDelegate.swift; sourceTree = "<group>"; };
		558306E2252EF3C0003E680E /* SceneDelegate.swift */ = {isa = PBXFileReference; lastKnownFileType = sourcecode.swift; path = SceneDelegate.swift; sourceTree = "<group>"; };
		558306E7252EF3C0003E680E /* Base */ = {isa = PBXFileReference; lastKnownFileType = file.storyboard; name = Base; path = Base.lproj/Main.storyboard; sourceTree = "<group>"; };
		558306E9252EF3C2003E680E /* Assets.xcassets */ = {isa = PBXFileReference; lastKnownFileType = folder.assetcatalog; path = Assets.xcassets; sourceTree = "<group>"; };
		558306EC252EF3C2003E680E /* Base */ = {isa = PBXFileReference; lastKnownFileType = file.storyboard; name = Base; path = Base.lproj/LaunchScreen.storyboard; sourceTree = "<group>"; };
		558306EE252EF3C2003E680E /* Info.plist */ = {isa = PBXFileReference; lastKnownFileType = text.plist.xml; path = Info.plist; sourceTree = "<group>"; };
		558306F5252EF3C7003E680E /* Pyramax Médecine for Malaria.entitlements */ = {isa = PBXFileReference; lastKnownFileType = text.plist.entitlements; path = "Pyramax Médecine for Malaria.entitlements"; sourceTree = "<group>"; };
		559E13382534781A0023DDF5 /* StartViewController.swift */ = {isa = PBXFileReference; lastKnownFileType = sourcecode.swift; path = StartViewController.swift; sourceTree = "<group>"; };
		559E139C2534868A0023DDF5 /* Sante.db */ = {isa = PBXFileReference; lastKnownFileType = file; name = Sante.db; path = DataBase/Sante.db; sourceTree = SOURCE_ROOT; };
		559E139F253486960023DDF5 /* Santefr.db */ = {isa = PBXFileReference; lastKnownFileType = file; name = Santefr.db; path = DataBase/Santefr.db; sourceTree = SOURCE_ROOT; };
		559E13A2253486CC0023DDF5 /* ParserSoup.swift */ = {isa = PBXFileReference; fileEncoding = 4; lastKnownFileType = sourcecode.swift; name = ParserSoup.swift; path = Model/ParserSoup.swift; sourceTree = SOURCE_ROOT; };
		559E13A5253486D50023DDF5 /* SanteData.swift */ = {isa = PBXFileReference; fileEncoding = 4; lastKnownFileType = sourcecode.swift; name = SanteData.swift; path = Model/SanteData.swift; sourceTree = SOURCE_ROOT; };
		559E13AC2534878B0023DDF5 /* UserEntity.swift */ = {isa = PBXFileReference; fileEncoding = 4; lastKnownFileType = sourcecode.swift; path = UserEntity.swift; sourceTree = "<group>"; };
		559E13AD2534878B0023DDF5 /* AnswerEntity.swift */ = {isa = PBXFileReference; fileEncoding = 4; lastKnownFileType = sourcecode.swift; path = AnswerEntity.swift; sourceTree = "<group>"; };
		559E13AE2534878B0023DDF5 /* SlideInTopicEntity.swift */ = {isa = PBXFileReference; fileEncoding = 4; lastKnownFileType = sourcecode.swift; path = SlideInTopicEntity.swift; sourceTree = "<group>"; };
		559E13AF2534878B0023DDF5 /* SlidesEntity.swift */ = {isa = PBXFileReference; fileEncoding = 4; lastKnownFileType = sourcecode.swift; path = SlidesEntity.swift; sourceTree = "<group>"; };
		559E13B02534878B0023DDF5 /* PresentationEntity.swift */ = {isa = PBXFileReference; fileEncoding = 4; lastKnownFileType = sourcecode.swift; path = PresentationEntity.swift; sourceTree = "<group>"; };
		559E13B12534878B0023DDF5 /* PresentaionsEntity.swift */ = {isa = PBXFileReference; fileEncoding = 4; lastKnownFileType = sourcecode.swift; path = PresentaionsEntity.swift; sourceTree = "<group>"; };
		559E13B22534878B0023DDF5 /* DocSlideEntity.swift */ = {isa = PBXFileReference; fileEncoding = 4; lastKnownFileType = sourcecode.swift; path = DocSlideEntity.swift; sourceTree = "<group>"; };
		559E13B32534878C0023DDF5 /* SlideEntity.swift */ = {isa = PBXFileReference; fileEncoding = 4; lastKnownFileType = sourcecode.swift; path = SlideEntity.swift; sourceTree = "<group>"; };
		559E13B42534878C0023DDF5 /* TopicEntity.swift */ = {isa = PBXFileReference; fileEncoding = 4; lastKnownFileType = sourcecode.swift; path = TopicEntity.swift; sourceTree = "<group>"; };
		559E13B52534878C0023DDF5 /* TopicsEntity.swift */ = {isa = PBXFileReference; fileEncoding = 4; lastKnownFileType = sourcecode.swift; path = TopicsEntity.swift; sourceTree = "<group>"; };
		559E13C5253488280023DDF5 /* ReportEntity.swift */ = {isa = PBXFileReference; fileEncoding = 4; lastKnownFileType = sourcecode.swift; path = ReportEntity.swift; sourceTree = "<group>"; };
		559E13C9253488520023DDF5 /* Project Strings.swift */ = {isa = PBXFileReference; fileEncoding = 4; lastKnownFileType = sourcecode.swift; path = "Project Strings.swift"; sourceTree = "<group>"; };
		559E13CC253488880023DDF5 /* KeyChain.swift */ = {isa = PBXFileReference; fileEncoding = 4; lastKnownFileType = sourcecode.swift; path = KeyChain.swift; sourceTree = "<group>"; };
		55D6B3242534A8100057219A /* TabBarVC.swift */ = {isa = PBXFileReference; lastKnownFileType = sourcecode.swift; path = TabBarVC.swift; sourceTree = "<group>"; };
		55D6B3272534A8A60057219A /* ForgotPasswordViewController.swift */ = {isa = PBXFileReference; lastKnownFileType = sourcecode.swift; path = ForgotPasswordViewController.swift; sourceTree = "<group>"; };
		55D6B32F2534AAD50057219A /* MainEntity.swift */ = {isa = PBXFileReference; fileEncoding = 4; lastKnownFileType = sourcecode.swift; path = MainEntity.swift; sourceTree = "<group>"; };
		55D6B3322534AC030057219A /* MainViewController.swift */ = {isa = PBXFileReference; lastKnownFileType = sourcecode.swift; path = MainViewController.swift; sourceTree = "<group>"; };
		55D6B33A2534ACB10057219A /* PresentationStartModel.swift */ = {isa = PBXFileReference; fileEncoding = 4; lastKnownFileType = sourcecode.swift; path = PresentationStartModel.swift; sourceTree = "<group>"; };
		55D6B33E253582C00057219A /* FaqViewController.swift */ = {isa = PBXFileReference; fileEncoding = 4; lastKnownFileType = sourcecode.swift; path = FaqViewController.swift; sourceTree = "<group>"; };
		55D6B346253583420057219A /* LibraryViewController.swift */ = {isa = PBXFileReference; fileEncoding = 4; lastKnownFileType = sourcecode.swift; path = LibraryViewController.swift; sourceTree = "<group>"; };
		55D6B3492535834A0057219A /* LibVC.swift */ = {isa = PBXFileReference; fileEncoding = 4; lastKnownFileType = sourcecode.swift; path = LibVC.swift; sourceTree = "<group>"; };
		55D6B34C253583580057219A /* SlideTableVCell.swift */ = {isa = PBXFileReference; fileEncoding = 4; lastKnownFileType = sourcecode.swift; path = SlideTableVCell.swift; sourceTree = "<group>"; };
		55D6B34D253583580057219A /* LibCollectionVCell.swift */ = {isa = PBXFileReference; fileEncoding = 4; lastKnownFileType = sourcecode.swift; path = LibCollectionVCell.swift; sourceTree = "<group>"; };
		55D6B351253583670057219A /* SlideCVCell.swift */ = {isa = PBXFileReference; fileEncoding = 4; lastKnownFileType = sourcecode.swift; path = SlideCVCell.swift; sourceTree = "<group>"; };
		55D6B352253583670057219A /* SearchVC.swift */ = {isa = PBXFileReference; fileEncoding = 4; lastKnownFileType = sourcecode.swift; path = SearchVC.swift; sourceTree = "<group>"; };
		55D6B357253583B90057219A /* VisitTypeViewController.swift */ = {isa = PBXFileReference; fileEncoding = 4; lastKnownFileType = sourcecode.swift; path = VisitTypeViewController.swift; sourceTree = "<group>"; };
		55D6B358253583B90057219A /* ReportAfterSlideViewController.swift */ = {isa = PBXFileReference; fileEncoding = 4; lastKnownFileType = sourcecode.swift; path = ReportAfterSlideViewController.swift; sourceTree = "<group>"; };
		55D6B359253583B90057219A /* ReportViewController.swift */ = {isa = PBXFileReference; fileEncoding = 4; lastKnownFileType = sourcecode.swift; path = ReportViewController.swift; sourceTree = "<group>"; };
/* End PBXFileReference section */

/* Begin PBXFrameworksBuildPhase section */
		558306DA252EF3C0003E680E /* Frameworks */ = {
			isa = PBXFrameworksBuildPhase;
			buildActionMask = 2147483647;
			files = (
				559E133E25347A300023DDF5 /* Alamofire in Frameworks */,
				559E134225347A670023DDF5 /* SwiftSoup in Frameworks */,
			);
			runOnlyForDeploymentPostprocessing = 0;
		};
/* End PBXFrameworksBuildPhase section */

/* Begin PBXGroup section */
		558306D4252EF3C0003E680E = {
			isa = PBXGroup;
			children = (
				558306DF252EF3C0003E680E /* Pyramax Médecine for Malaria */,
				558306DE252EF3C0003E680E /* Products */,
			);
			sourceTree = "<group>";
		};
		558306DE252EF3C0003E680E /* Products */ = {
			isa = PBXGroup;
			children = (
				558306DD252EF3C0003E680E /* Pyramax Médecine for Malaria.app */,
			);
			name = Products;
			sourceTree = "<group>";
		};
		558306DF252EF3C0003E680E /* Pyramax Médecine for Malaria */ = {
			isa = PBXGroup;
			children = (
				558306F5252EF3C7003E680E /* Pyramax Médecine for Malaria.entitlements */,
				558306E0252EF3C0003E680E /* AppDelegate.swift */,
				558306E2252EF3C0003E680E /* SceneDelegate.swift */,
				55D6B341253582FD0057219A /* Library */,
				55D6B33D2535829E0057219A /* Faq */,
				55D6B3362534AC5E0057219A /* Presentation */,
				55D6B32B2534AA780057219A /* Main */,
				55D6B3232534A7C00057219A /* TabBar */,
				559E13C8253488400023DDF5 /* Localization */,
				559E13C2253487ED0023DDF5 /* ReportFlow */,
				559E13A9253487310023DDF5 /* SlideFlow */,
				559E134525347A8B0023DDF5 /* Login */,
				559E134425347A7E0023DDF5 /* Storyboards */,
				558306E9252EF3C2003E680E /* Assets.xcassets */,
				559E134925347F710023DDF5 /* Storage */,
				558306EB252EF3C2003E680E /* LaunchScreen.storyboard */,
				558306EE252EF3C2003E680E /* Info.plist */,
			);
			path = "Pyramax Médecine for Malaria";
			sourceTree = "<group>";
		};
		559E134425347A7E0023DDF5 /* Storyboards */ = {
			isa = PBXGroup;
			children = (
				558306E6252EF3C0003E680E /* Main.storyboard */,
			);
			path = Storyboards;
			sourceTree = "<group>";
		};
		559E134525347A8B0023DDF5 /* Login */ = {
			isa = PBXGroup;
			children = (
				559E13382534781A0023DDF5 /* StartViewController.swift */,
				55D6B3272534A8A60057219A /* ForgotPasswordViewController.swift */,
			);
			path = Login;
			sourceTree = "<group>";
		};
		559E134925347F710023DDF5 /* Storage */ = {
			isa = PBXGroup;
			children = (
				559E13CC253488880023DDF5 /* KeyChain.swift */,
				559E134B25347FA70023DDF5 /* DataBase */,
				559E134A25347F9E0023DDF5 /* Model */,
			);
			path = Storage;
			sourceTree = "<group>";
		};
		559E134A25347F9E0023DDF5 /* Model */ = {
			isa = PBXGroup;
			children = (
				559E13A2253486CC0023DDF5 /* ParserSoup.swift */,
				559E13A5253486D50023DDF5 /* SanteData.swift */,
			);
			path = Model;
			sourceTree = "<group>";
		};
		559E134B25347FA70023DDF5 /* DataBase */ = {
			isa = PBXGroup;
			children = (
				559E139F253486960023DDF5 /* Santefr.db */,
				559E139C2534868A0023DDF5 /* Sante.db */,
			);
			path = DataBase;
			sourceTree = "<group>";
		};
		559E13A9253487310023DDF5 /* SlideFlow */ = {
			isa = PBXGroup;
			children = (
				559E13AA253487670023DDF5 /* Model */,
			);
			path = SlideFlow;
			sourceTree = "<group>";
		};
		559E13AA253487670023DDF5 /* Model */ = {
			isa = PBXGroup;
			children = (
				559E13AB253487750023DDF5 /* SlidesEntities */,
			);
			path = Model;
			sourceTree = "<group>";
		};
		559E13AB253487750023DDF5 /* SlidesEntities */ = {
			isa = PBXGroup;
			children = (
				559E13AD2534878B0023DDF5 /* AnswerEntity.swift */,
				559E13B22534878B0023DDF5 /* DocSlideEntity.swift */,
				559E13B12534878B0023DDF5 /* PresentaionsEntity.swift */,
				559E13B02534878B0023DDF5 /* PresentationEntity.swift */,
				559E13B32534878C0023DDF5 /* SlideEntity.swift */,
				559E13AE2534878B0023DDF5 /* SlideInTopicEntity.swift */,
				559E13AF2534878B0023DDF5 /* SlidesEntity.swift */,
				559E13B42534878C0023DDF5 /* TopicEntity.swift */,
				559E13B52534878C0023DDF5 /* TopicsEntity.swift */,
				559E13AC2534878B0023DDF5 /* UserEntity.swift */,
			);
			path = SlidesEntities;
			sourceTree = "<group>";
		};
		559E13C2253487ED0023DDF5 /* ReportFlow */ = {
			isa = PBXGroup;
			children = (
				55D6B356253583A00057219A /* ViewController */,
				559E13C3253487FA0023DDF5 /* Model */,
			);
			path = ReportFlow;
			sourceTree = "<group>";
		};
		559E13C3253487FA0023DDF5 /* Model */ = {
			isa = PBXGroup;
			children = (
				559E13C4253488030023DDF5 /* Entities */,
			);
			path = Model;
			sourceTree = "<group>";
		};
		559E13C4253488030023DDF5 /* Entities */ = {
			isa = PBXGroup;
			children = (
				559E13C5253488280023DDF5 /* ReportEntity.swift */,
			);
			path = Entities;
			sourceTree = "<group>";
		};
		559E13C8253488400023DDF5 /* Localization */ = {
			isa = PBXGroup;
			children = (
				559E13C9253488520023DDF5 /* Project Strings.swift */,
			);
			path = Localization;
			sourceTree = "<group>";
		};
		55D6B3232534A7C00057219A /* TabBar */ = {
			isa = PBXGroup;
			children = (
				55D6B3242534A8100057219A /* TabBarVC.swift */,
			);
			path = TabBar;
			sourceTree = "<group>";
		};
		55D6B32B2534AA780057219A /* Main */ = {
			isa = PBXGroup;
			children = (
				55D6B32E2534AAA90057219A /* View */,
				55D6B32D2534AAA20057219A /* ViewController */,
				55D6B32C2534AA9C0057219A /* Model */,
			);
			path = Main;
			sourceTree = "<group>";
		};
		55D6B32C2534AA9C0057219A /* Model */ = {
			isa = PBXGroup;
			children = (
				55D6B32F2534AAD50057219A /* MainEntity.swift */,
			);
			path = Model;
			sourceTree = "<group>";
		};
		55D6B32D2534AAA20057219A /* ViewController */ = {
			isa = PBXGroup;
			children = (
				55D6B3322534AC030057219A /* MainViewController.swift */,
			);
			path = ViewController;
			sourceTree = "<group>";
		};
		55D6B32E2534AAA90057219A /* View */ = {
			isa = PBXGroup;
			children = (
			);
			path = View;
			sourceTree = "<group>";
		};
		55D6B3362534AC5E0057219A /* Presentation */ = {
			isa = PBXGroup;
			children = (
				55D6B3392534AC760057219A /* View */,
				55D6B3382534AC6D0057219A /* ViewController */,
				55D6B3372534AC680057219A /* Model */,
			);
			path = Presentation;
			sourceTree = "<group>";
		};
		55D6B3372534AC680057219A /* Model */ = {
			isa = PBXGroup;
			children = (
				55D6B33A2534ACB10057219A /* PresentationStartModel.swift */,
			);
			path = Model;
			sourceTree = "<group>";
		};
		55D6B3382534AC6D0057219A /* ViewController */ = {
			isa = PBXGroup;
			children = (
			);
			path = ViewController;
			sourceTree = "<group>";
		};
		55D6B3392534AC760057219A /* View */ = {
			isa = PBXGroup;
			children = (
			);
			path = View;
			sourceTree = "<group>";
		};
		55D6B33D2535829E0057219A /* Faq */ = {
			isa = PBXGroup;
			children = (
				55D6B33E253582C00057219A /* FaqViewController.swift */,
			);
			path = Faq;
			sourceTree = "<group>";
		};
		55D6B341253582FD0057219A /* Library */ = {
			isa = PBXGroup;
			children = (
				55D6B345253583280057219A /* View */,
				55D6B343253583120057219A /* ViewController */,
				55D6B342253583090057219A /* Search */,
			);
			path = Library;
			sourceTree = "<group>";
		};
		55D6B342253583090057219A /* Search */ = {
			isa = PBXGroup;
			children = (
				55D6B352253583670057219A /* SearchVC.swift */,
				55D6B351253583670057219A /* SlideCVCell.swift */,
			);
			path = Search;
			sourceTree = "<group>";
		};
		55D6B343253583120057219A /* ViewController */ = {
			isa = PBXGroup;
			children = (
				55D6B3492535834A0057219A /* LibVC.swift */,
				55D6B346253583420057219A /* LibraryViewController.swift */,
			);
			path = ViewController;
			sourceTree = "<group>";
		};
		55D6B345253583280057219A /* View */ = {
			isa = PBXGroup;
			children = (
				55D6B34D253583580057219A /* LibCollectionVCell.swift */,
				55D6B34C253583580057219A /* SlideTableVCell.swift */,
			);
			path = View;
			sourceTree = "<group>";
		};
		55D6B356253583A00057219A /* ViewController */ = {
			isa = PBXGroup;
			children = (
				55D6B358253583B90057219A /* ReportAfterSlideViewController.swift */,
				55D6B359253583B90057219A /* ReportViewController.swift */,
				55D6B357253583B90057219A /* VisitTypeViewController.swift */,
			);
			path = ViewController;
			sourceTree = "<group>";
		};
/* End PBXGroup section */

/* Begin PBXNativeTarget section */
		558306DC252EF3C0003E680E /* Pyramax Médecine for Malaria */ = {
			isa = PBXNativeTarget;
			buildConfigurationList = 558306F1252EF3C2003E680E /* Build configuration list for PBXNativeTarget "Pyramax Médecine for Malaria" */;
			buildPhases = (
				558306D9252EF3C0003E680E /* Sources */,
				558306DA252EF3C0003E680E /* Frameworks */,
				558306DB252EF3C0003E680E /* Resources */,
			);
			buildRules = (
			);
			dependencies = (
			);
			name = "Pyramax Médecine for Malaria";
			packageProductDependencies = (
				559E133D25347A300023DDF5 /* Alamofire */,
				559E134125347A670023DDF5 /* SwiftSoup */,
			);
			productName = "Pyramax Médecine for Malaria";
			productReference = 558306DD252EF3C0003E680E /* Pyramax Médecine for Malaria.app */;
			productType = "com.apple.product-type.application";
		};
/* End PBXNativeTarget section */

/* Begin PBXProject section */
		558306D5252EF3C0003E680E /* Project object */ = {
			isa = PBXProject;
			attributes = {
				LastSwiftUpdateCheck = 1200;
				LastUpgradeCheck = 1200;
				TargetAttributes = {
					558306DC252EF3C0003E680E = {
						CreatedOnToolsVersion = 12.0;
					};
				};
			};
			buildConfigurationList = 558306D8252EF3C0003E680E /* Build configuration list for PBXProject "Pyramax Médecine for Malaria" */;
			compatibilityVersion = "Xcode 9.3";
			developmentRegion = en;
			hasScannedForEncodings = 0;
			knownRegions = (
				en,
				Base,
			);
			mainGroup = 558306D4252EF3C0003E680E;
			packageReferences = (
				559E133C25347A300023DDF5 /* XCRemoteSwiftPackageReference "Alamofire" */,
				559E134025347A670023DDF5 /* XCRemoteSwiftPackageReference "SwiftSoup" */,
			);
			productRefGroup = 558306DE252EF3C0003E680E /* Products */;
			projectDirPath = "";
			projectRoot = "";
			targets = (
				558306DC252EF3C0003E680E /* Pyramax Médecine for Malaria */,
			);
		};
/* End PBXProject section */

/* Begin PBXResourcesBuildPhase section */
		558306DB252EF3C0003E680E /* Resources */ = {
			isa = PBXResourcesBuildPhase;
			buildActionMask = 2147483647;
			files = (
				558306ED252EF3C2003E680E /* LaunchScreen.storyboard in Resources */,
				558306EA252EF3C2003E680E /* Assets.xcassets in Resources */,
				558306E8252EF3C0003E680E /* Main.storyboard in Resources */,
				559E13A0253486960023DDF5 /* Santefr.db in Resources */,
				559E139D2534868A0023DDF5 /* Sante.db in Resources */,
			);
			runOnlyForDeploymentPostprocessing = 0;
		};
/* End PBXResourcesBuildPhase section */

/* Begin PBXSourcesBuildPhase section */
		558306D9252EF3C0003E680E /* Sources */ = {
			isa = PBXSourcesBuildPhase;
			buildActionMask = 2147483647;
			files = (
				559E13A6253486D50023DDF5 /* SanteData.swift in Sources */,
				55D6B3332534AC030057219A /* MainViewController.swift in Sources */,
				559E13B92534878C0023DDF5 /* SlidesEntity.swift in Sources */,
				559E13BA2534878C0023DDF5 /* PresentationEntity.swift in Sources */,
				559E13B62534878C0023DDF5 /* UserEntity.swift in Sources */,
				559E13BB2534878C0023DDF5 /* PresentaionsEntity.swift in Sources */,
				55D6B354253583670057219A /* SearchVC.swift in Sources */,
				55D6B347253583420057219A /* LibraryViewController.swift in Sources */,
				55D6B34E253583580057219A /* SlideTableVCell.swift in Sources */,
				55D6B33B2534ACB10057219A /* PresentationStartModel.swift in Sources */,
				559E13392534781A0023DDF5 /* StartViewController.swift in Sources */,
				559E13C6253488280023DDF5 /* ReportEntity.swift in Sources */,
				559E13CD253488880023DDF5 /* KeyChain.swift in Sources */,
				55D6B35B253583B90057219A /* ReportAfterSlideViewController.swift in Sources */,
				55D6B3302534AAD50057219A /* MainEntity.swift in Sources */,
				559E13B72534878C0023DDF5 /* AnswerEntity.swift in Sources */,
				55D6B3252534A8100057219A /* TabBarVC.swift in Sources */,
				55D6B35A253583B90057219A /* VisitTypeViewController.swift in Sources */,
				558306E1252EF3C0003E680E /* AppDelegate.swift in Sources */,
				55D6B34F253583580057219A /* LibCollectionVCell.swift in Sources */,
				559E13BD2534878C0023DDF5 /* SlideEntity.swift in Sources */,
				558306E3252EF3C0003E680E /* SceneDelegate.swift in Sources */,
				559E13BE2534878C0023DDF5 /* TopicEntity.swift in Sources */,
				55D6B33F253582C00057219A /* FaqViewController.swift in Sources */,
				559E13CA253488520023DDF5 /* Project Strings.swift in Sources */,
				559E13A3253486CC0023DDF5 /* ParserSoup.swift in Sources */,
				55D6B35C253583B90057219A /* ReportViewController.swift in Sources */,
				55D6B3282534A8A60057219A /* ForgotPasswordViewController.swift in Sources */,
				559E13B82534878C0023DDF5 /* SlideInTopicEntity.swift in Sources */,
				559E13BF2534878C0023DDF5 /* TopicsEntity.swift in Sources */,
				55D6B353253583670057219A /* SlideCVCell.swift in Sources */,
				55D6B34A2535834A0057219A /* LibVC.swift in Sources */,
				559E13BC2534878C0023DDF5 /* DocSlideEntity.swift in Sources */,
			);
			runOnlyForDeploymentPostprocessing = 0;
		};
/* End PBXSourcesBuildPhase section */

/* Begin PBXVariantGroup section */
		558306E6252EF3C0003E680E /* Main.storyboard */ = {
			isa = PBXVariantGroup;
			children = (
				558306E7252EF3C0003E680E /* Base */,
			);
			name = Main.storyboard;
			sourceTree = "<group>";
		};
		558306EB252EF3C2003E680E /* LaunchScreen.storyboard */ = {
			isa = PBXVariantGroup;
			children = (
				558306EC252EF3C2003E680E /* Base */,
			);
			name = LaunchScreen.storyboard;
			sourceTree = "<group>";
		};
/* End PBXVariantGroup section */

/* Begin XCBuildConfiguration section */
		558306EF252EF3C2003E680E /* Debug */ = {
			isa = XCBuildConfiguration;
			buildSettings = {
				ALWAYS_SEARCH_USER_PATHS = NO;
				CLANG_ANALYZER_NONNULL = YES;
				CLANG_ANALYZER_NUMBER_OBJECT_CONVERSION = YES_AGGRESSIVE;
				CLANG_CXX_LANGUAGE_STANDARD = "gnu++14";
				CLANG_CXX_LIBRARY = "libc++";
				CLANG_ENABLE_MODULES = YES;
				CLANG_ENABLE_OBJC_ARC = YES;
				CLANG_ENABLE_OBJC_WEAK = YES;
				CLANG_WARN_BLOCK_CAPTURE_AUTORELEASING = YES;
				CLANG_WARN_BOOL_CONVERSION = YES;
				CLANG_WARN_COMMA = YES;
				CLANG_WARN_CONSTANT_CONVERSION = YES;
				CLANG_WARN_DEPRECATED_OBJC_IMPLEMENTATIONS = YES;
				CLANG_WARN_DIRECT_OBJC_ISA_USAGE = YES_ERROR;
				CLANG_WARN_DOCUMENTATION_COMMENTS = YES;
				CLANG_WARN_EMPTY_BODY = YES;
				CLANG_WARN_ENUM_CONVERSION = YES;
				CLANG_WARN_INFINITE_RECURSION = YES;
				CLANG_WARN_INT_CONVERSION = YES;
				CLANG_WARN_NON_LITERAL_NULL_CONVERSION = YES;
				CLANG_WARN_OBJC_IMPLICIT_RETAIN_SELF = YES;
				CLANG_WARN_OBJC_LITERAL_CONVERSION = YES;
				CLANG_WARN_OBJC_ROOT_CLASS = YES_ERROR;
				CLANG_WARN_QUOTED_INCLUDE_IN_FRAMEWORK_HEADER = YES;
				CLANG_WARN_RANGE_LOOP_ANALYSIS = YES;
				CLANG_WARN_STRICT_PROTOTYPES = YES;
				CLANG_WARN_SUSPICIOUS_MOVE = YES;
				CLANG_WARN_UNGUARDED_AVAILABILITY = YES_AGGRESSIVE;
				CLANG_WARN_UNREACHABLE_CODE = YES;
				CLANG_WARN__DUPLICATE_METHOD_MATCH = YES;
				COPY_PHASE_STRIP = NO;
				DEBUG_INFORMATION_FORMAT = dwarf;
				ENABLE_STRICT_OBJC_MSGSEND = YES;
				ENABLE_TESTABILITY = YES;
				GCC_C_LANGUAGE_STANDARD = gnu11;
				GCC_DYNAMIC_NO_PIC = NO;
				GCC_NO_COMMON_BLOCKS = YES;
				GCC_OPTIMIZATION_LEVEL = 0;
				GCC_PREPROCESSOR_DEFINITIONS = (
					"DEBUG=1",
					"$(inherited)",
				);
				GCC_WARN_64_TO_32_BIT_CONVERSION = YES;
				GCC_WARN_ABOUT_RETURN_TYPE = YES_ERROR;
				GCC_WARN_UNDECLARED_SELECTOR = YES;
				GCC_WARN_UNINITIALIZED_AUTOS = YES_AGGRESSIVE;
				GCC_WARN_UNUSED_FUNCTION = YES;
				GCC_WARN_UNUSED_VARIABLE = YES;
				IPHONEOS_DEPLOYMENT_TARGET = 14.0;
				MTL_ENABLE_DEBUG_INFO = INCLUDE_SOURCE;
				MTL_FAST_MATH = YES;
				ONLY_ACTIVE_ARCH = YES;
				SDKROOT = iphoneos;
				SWIFT_ACTIVE_COMPILATION_CONDITIONS = DEBUG;
				SWIFT_OPTIMIZATION_LEVEL = "-Onone";
			};
			name = Debug;
		};
		558306F0252EF3C2003E680E /* Release */ = {
			isa = XCBuildConfiguration;
			buildSettings = {
				ALWAYS_SEARCH_USER_PATHS = NO;
				CLANG_ANALYZER_NONNULL = YES;
				CLANG_ANALYZER_NUMBER_OBJECT_CONVERSION = YES_AGGRESSIVE;
				CLANG_CXX_LANGUAGE_STANDARD = "gnu++14";
				CLANG_CXX_LIBRARY = "libc++";
				CLANG_ENABLE_MODULES = YES;
				CLANG_ENABLE_OBJC_ARC = YES;
				CLANG_ENABLE_OBJC_WEAK = YES;
				CLANG_WARN_BLOCK_CAPTURE_AUTORELEASING = YES;
				CLANG_WARN_BOOL_CONVERSION = YES;
				CLANG_WARN_COMMA = YES;
				CLANG_WARN_CONSTANT_CONVERSION = YES;
				CLANG_WARN_DEPRECATED_OBJC_IMPLEMENTATIONS = YES;
				CLANG_WARN_DIRECT_OBJC_ISA_USAGE = YES_ERROR;
				CLANG_WARN_DOCUMENTATION_COMMENTS = YES;
				CLANG_WARN_EMPTY_BODY = YES;
				CLANG_WARN_ENUM_CONVERSION = YES;
				CLANG_WARN_INFINITE_RECURSION = YES;
				CLANG_WARN_INT_CONVERSION = YES;
				CLANG_WARN_NON_LITERAL_NULL_CONVERSION = YES;
				CLANG_WARN_OBJC_IMPLICIT_RETAIN_SELF = YES;
				CLANG_WARN_OBJC_LITERAL_CONVERSION = YES;
				CLANG_WARN_OBJC_ROOT_CLASS = YES_ERROR;
				CLANG_WARN_QUOTED_INCLUDE_IN_FRAMEWORK_HEADER = YES;
				CLANG_WARN_RANGE_LOOP_ANALYSIS = YES;
				CLANG_WARN_STRICT_PROTOTYPES = YES;
				CLANG_WARN_SUSPICIOUS_MOVE = YES;
				CLANG_WARN_UNGUARDED_AVAILABILITY = YES_AGGRESSIVE;
				CLANG_WARN_UNREACHABLE_CODE = YES;
				CLANG_WARN__DUPLICATE_METHOD_MATCH = YES;
				COPY_PHASE_STRIP = NO;
				DEBUG_INFORMATION_FORMAT = "dwarf-with-dsym";
				ENABLE_NS_ASSERTIONS = NO;
				ENABLE_STRICT_OBJC_MSGSEND = YES;
				GCC_C_LANGUAGE_STANDARD = gnu11;
				GCC_NO_COMMON_BLOCKS = YES;
				GCC_WARN_64_TO_32_BIT_CONVERSION = YES;
				GCC_WARN_ABOUT_RETURN_TYPE = YES_ERROR;
				GCC_WARN_UNDECLARED_SELECTOR = YES;
				GCC_WARN_UNINITIALIZED_AUTOS = YES_AGGRESSIVE;
				GCC_WARN_UNUSED_FUNCTION = YES;
				GCC_WARN_UNUSED_VARIABLE = YES;
				IPHONEOS_DEPLOYMENT_TARGET = 14.0;
				MTL_ENABLE_DEBUG_INFO = NO;
				MTL_FAST_MATH = YES;
				SDKROOT = iphoneos;
				SWIFT_COMPILATION_MODE = wholemodule;
				SWIFT_OPTIMIZATION_LEVEL = "-O";
				VALIDATE_PRODUCT = YES;
			};
			name = Release;
		};
		558306F2252EF3C2003E680E /* Debug */ = {
			isa = XCBuildConfiguration;
			buildSettings = {
				ASSETCATALOG_COMPILER_APPICON_NAME = AppIcon;
				ASSETCATALOG_COMPILER_GLOBAL_ACCENT_COLOR_NAME = AccentColor;
				CODE_SIGN_ENTITLEMENTS = "Pyramax Médecine for Malaria/Pyramax Médecine for Malaria.entitlements";
				CODE_SIGN_STYLE = Automatic;
				DEVELOPMENT_TEAM = S3J28J4J6D;
				INFOPLIST_FILE = "Pyramax Médecine for Malaria/Info.plist";
				LD_RUNPATH_SEARCH_PATHS = (
					"$(inherited)",
					"@executable_path/Frameworks",
				);
				PRODUCT_BUNDLE_IDENTIFIER = Sante.Pyramax.Medecine.for.Malaria;
				PRODUCT_NAME = "$(TARGET_NAME)";
				SUPPORTS_MACCATALYST = YES;
				SWIFT_VERSION = 5.0;
				TARGETED_DEVICE_FAMILY = 2;
			};
			name = Debug;
		};
		558306F3252EF3C2003E680E /* Release */ = {
			isa = XCBuildConfiguration;
			buildSettings = {
				ASSETCATALOG_COMPILER_APPICON_NAME = AppIcon;
				ASSETCATALOG_COMPILER_GLOBAL_ACCENT_COLOR_NAME = AccentColor;
				CODE_SIGN_ENTITLEMENTS = "Pyramax Médecine for Malaria/Pyramax Médecine for Malaria.entitlements";
				CODE_SIGN_STYLE = Automatic;
				DEVELOPMENT_TEAM = S3J28J4J6D;
				INFOPLIST_FILE = "Pyramax Médecine for Malaria/Info.plist";
				LD_RUNPATH_SEARCH_PATHS = (
					"$(inherited)",
					"@executable_path/Frameworks",
				);
				PRODUCT_BUNDLE_IDENTIFIER = Sante.Pyramax.Medecine.for.Malaria;
				PRODUCT_NAME = "$(TARGET_NAME)";
				SUPPORTS_MACCATALYST = YES;
				SWIFT_VERSION = 5.0;
				TARGETED_DEVICE_FAMILY = 2;
			};
			name = Release;
		};
/* End XCBuildConfiguration section */

/* Begin XCConfigurationList section */
		558306D8252EF3C0003E680E /* Build configuration list for PBXProject "Pyramax Médecine for Malaria" */ = {
			isa = XCConfigurationList;
			buildConfigurations = (
				558306EF252EF3C2003E680E /* Debug */,
				558306F0252EF3C2003E680E /* Release */,
			);
			defaultConfigurationIsVisible = 0;
			defaultConfigurationName = Release;
		};
		558306F1252EF3C2003E680E /* Build configuration list for PBXNativeTarget "Pyramax Médecine for Malaria" */ = {
			isa = XCConfigurationList;
			buildConfigurations = (
				558306F2252EF3C2003E680E /* Debug */,
				558306F3252EF3C2003E680E /* Release */,
			);
			defaultConfigurationIsVisible = 0;
			defaultConfigurationName = Release;
		};
/* End XCConfigurationList section */

/* Begin XCRemoteSwiftPackageReference section */
		559E133C25347A300023DDF5 /* XCRemoteSwiftPackageReference "Alamofire" */ = {
			isa = XCRemoteSwiftPackageReference;
			repositoryURL = "https://github.com/Alamofire/Alamofire.git";
			requirement = {
				kind = upToNextMajorVersion;
				minimumVersion = 4.9.1;
			};
		};
		559E134025347A670023DDF5 /* XCRemoteSwiftPackageReference "SwiftSoup" */ = {
			isa = XCRemoteSwiftPackageReference;
			repositoryURL = "https://github.com/scinfu/SwiftSoup.git";
			requirement = {
				kind = upToNextMajorVersion;
				minimumVersion = 2.3.2;
			};
		};
/* End XCRemoteSwiftPackageReference section */

/* Begin XCSwiftPackageProductDependency section */
		559E133D25347A300023DDF5 /* Alamofire */ = {
			isa = XCSwiftPackageProductDependency;
			package = 559E133C25347A300023DDF5 /* XCRemoteSwiftPackageReference "Alamofire" */;
			productName = Alamofire;
		};
		559E134125347A670023DDF5 /* SwiftSoup */ = {
			isa = XCSwiftPackageProductDependency;
			package = 559E134025347A670023DDF5 /* XCRemoteSwiftPackageReference "SwiftSoup" */;
			productName = SwiftSoup;
		};
/* End XCSwiftPackageProductDependency section */
	};
	rootObject = 558306D5252EF3C0003E680E /* Project object */;
}
